
Microsoft Visual Studio Solution File, Format Version 12.00
# Visual Studio Version 17
VisualStudioVersion = 17.14.36804.6 d17.14
MinimumVisualStudioVersion = 10.0.40219.1
Project("{FAE04EC0-301F-11D3-BF4B-00C04F79EFBC}") = "BlazorNet10StepByStep", "BlazorNet10StepByStep\BlazorNet10StepByStep.csproj", "{EAC07EEC-4F33-41CC-93F7-D33932DE557D}"
EndProject
Project("{FAE04EC0-301F-11D3-BF4B-00C04F79EFBC}") = "BlazorNet10StepByStep.Client", "BlazorNet10StepByStep.Client\BlazorNet10StepByStep.Client.csproj", "{8DC1856D-32C6-4E81-B7E7-F1396F3D27A6}"
EndProject
Global
	GlobalSection(SolutionConfigurationPlatforms) = preSolution
		Debug|Any CPU = Debug|Any CPU
		Release|Any CPU = Release|Any CPU
	EndGlobalSection
	GlobalSection(ProjectConfigurationPlatforms) = postSolution
		{EAC07EEC-4F33-41CC-93F7-D33932DE557D}.Debug|Any CPU.ActiveCfg = Debug|Any CPU
		{EAC07EEC-4F33-41CC-93F7-D33932DE557D}.Debug|Any CPU.Build.0 = Debug|Any CPU
		{EAC07EEC-4F33-41CC-93F7-D33932DE557D}.Release|Any CPU.ActiveCfg = Release|Any CPU
		{EAC07EEC-4F33-41CC-93F7-D33932DE557D}.Release|Any CPU.Build.0 = Release|Any CPU
		{8DC1856D-32C6-4E81-B7E7-F1396F3D27A6}.Debug|Any CPU.ActiveCfg = Debug|Any CPU
		{8DC1856D-32C6-4E81-B7E7-F1396F3D27A6}.Debug|Any CPU.Build.0 = Debug|Any CPU
		{8DC1856D-32C6-4E81-B7E7-F1396F3D27A6}.Release|Any CPU.ActiveCfg = Release|Any CPU
		{8DC1856D-32C6-4E81-B7E7-F1396F3D27A6}.Release|Any CPU.Build.0 = Release|Any CPU
	EndGlobalSection
	GlobalSection(SolutionProperties) = preSolution
		HideSolutionNode = FALSE
	EndGlobalSection
	GlobalSection(ExtensibilityGlobals) = postSolution
		SolutionGuid = {9A2D7DD5-8F90-4CD3-B933-6661D8FDDF56}
	EndGlobalSection
EndGlobal
